
Microsoft Visual Studio Solution File, Format Version 12.00
# Visual Studio Version 16
VisualStudioVersion = 16.0.29521.150
MinimumVisualStudioVersion = 10.0.40219.1
Project("{FAE04EC0-301F-11D3-BF4B-00C04F79EFBC}") = "IncludeFileASPX", "IncludeFileASPX.csproj", "{B916B8EA-A2BA-49EB-AD34-2E8650176931}"
EndProject
Global
	GlobalSection(SolutionConfigurationPlatforms) = preSolution
		Debug|Any CPU = Debug|Any CPU
		Release|Any CPU = Release|Any CPU
	EndGlobalSection
	GlobalSection(ProjectConfigurationPlatforms) = postSolution
		{B916B8EA-A2BA-49EB-AD34-2E8650176931}.Debug|Any CPU.ActiveCfg = Debug|Any CPU
		{B916B8EA-A2BA-49EB-AD34-2E8650176931}.Debug|Any CPU.Build.0 = Debug|Any CPU
		{B916B8EA-A2BA-49EB-AD34-2E8650176931}.Release|Any CPU.ActiveCfg = Release|Any CPU
		{B916B8EA-A2BA-49EB-AD34-2E8650176931}.Release|Any CPU.Build.0 = Release|Any CPU
	EndGlobalSection
	GlobalSection(SolutionProperties) = preSolution
		HideSolutionNode = FALSE
	EndGlobalSection
	GlobalSection(ExtensibilityGlobals) = postSolution
		SolutionGuid = {9DFFB5BB-E44B-4E24-B386-5FAABECBA8F7}
	EndGlobalSection
EndGlobal
