
Microsoft Visual Studio Solution File, Format Version 12.00
# Visual Studio Version 16
VisualStudioVersion = 16.0.29521.150
MinimumVisualStudioVersion = 10.0.40219.1
Project("{FAE04EC0-301F-11D3-BF4B-00C04F79EFBC}") = "CKeditorDemo", "CKeditorDemo.csproj", "{EA8EEA0D-1524-4D11-ADBF-595748707FF0}"
EndProject
Global
	GlobalSection(SolutionConfigurationPlatforms) = preSolution
		Debug|Any CPU = Debug|Any CPU
		Release|Any CPU = Release|Any CPU
	EndGlobalSection
	GlobalSection(ProjectConfigurationPlatforms) = postSolution
		{EA8EEA0D-1524-4D11-ADBF-595748707FF0}.Debug|Any CPU.ActiveCfg = Debug|Any CPU
		{EA8EEA0D-1524-4D11-ADBF-595748707FF0}.Debug|Any CPU.Build.0 = Debug|Any CPU
		{EA8EEA0D-1524-4D11-ADBF-595748707FF0}.Release|Any CPU.ActiveCfg = Release|Any CPU
		{EA8EEA0D-1524-4D11-ADBF-595748707FF0}.Release|Any CPU.Build.0 = Release|Any CPU
	EndGlobalSection
	GlobalSection(SolutionProperties) = preSolution
		HideSolutionNode = FALSE
	EndGlobalSection
	GlobalSection(ExtensibilityGlobals) = postSolution
		SolutionGuid = {FE8EC162-F954-47DA-95E4-7EF7B6F63668}
	EndGlobalSection
EndGlobal
